
Microsoft Visual Studio Solution File, Format Version 12.00
# Visual Studio Version 16
VisualStudioVersion = 16.0.31129.286
MinimumVisualStudioVersion = 10.0.40219.1
Project("{FAE04EC0-301F-11D3-BF4B-00C04F79EFBC}") = "Tarefa2", "Tarefa2\Tarefa2.csproj", "{885079A0-7AD7-4314-8181-7E2BEA273A48}"
EndProject
Global
	GlobalSection(SolutionConfigurationPlatforms) = preSolution
		Debug|Any CPU = Debug|Any CPU
		Release|Any CPU = Release|Any CPU
	EndGlobalSection
	GlobalSection(ProjectConfigurationPlatforms) = postSolution
		{885079A0-7AD7-4314-8181-7E2BEA273A48}.Debug|Any CPU.ActiveCfg = Debug|Any CPU
		{885079A0-7AD7-4314-8181-7E2BEA273A48}.Debug|Any CPU.Build.0 = Debug|Any CPU
		{885079A0-7AD7-4314-8181-7E2BEA273A48}.Release|Any CPU.ActiveCfg = Release|Any CPU
		{885079A0-7AD7-4314-8181-7E2BEA273A48}.Release|Any CPU.Build.0 = Release|Any CPU
	EndGlobalSection
	GlobalSection(SolutionProperties) = preSolution
		HideSolutionNode = FALSE
	EndGlobalSection
	GlobalSection(ExtensibilityGlobals) = postSolution
		SolutionGuid = {19040E82-CD9D-4C45-ACEC-65072DC4F2F7}
	EndGlobalSection
EndGlobal
